{
  "name": "etzhayyim-root",
  "lockfileVersion": 3,
  "requires": true,
  "packages": {
    "": {
      "dependencies": {
        "@bytecodealliance/preview2-shim": "^0.18.1"
      }
    },
    "node_modules/@bytecodealliance/preview2-shim": {
      "version": "0.18.1",
      "resolved": "https://registry.npmjs.org/@bytecodealliance/preview2-shim/-/preview2-shim-0.18.1.tgz",
      "integrity": "sha512-8+QEByJTHusG1JkYQNUwOZO0ZvP3zQJD7UVYcyRh8OedKfVls1VuPw/HfSuK0ustslzAkGz7uQCkaBbW+fal9w==",
      "license": "(Apache-2.0 WITH LLVM-exception)"
    }
  }
}
