lockfileVersion: '9.0'

settings:
  autoInstallPeers: true
  excludeLinksFromLockfile: false

importers:

  .:
    devDependencies:
      pnpm:
        specifier: ^10.0.0
        version: 10.0.0

packages:

  pnpm@10.0.0:
    resolution: {integrity: sha512-uP71SUvT/ky9Ttq9B0XfLuW+PksLiwj6ZDqj5MZwLMwPANaPqKjJhYpzWgAySFpEmQ7SgQUmyHXkFvABsX3xKw==}
    engines: {node: '>=18.12'}
    hasBin: true

snapshots:

  pnpm@10.0.0: {}
