github.com/google/flatbuffers v24.3.25+incompatible h1:CX395cjN9Kke9mmalRoL3d81AtFUxJM+yDthflgJGkI=
github.com/google/flatbuffers v24.3.25+incompatible/go.mod h1:1AeVuKshWv4vARoZatz6mlQ0JxURH0Kv5+zNeJKJCa8=
go.bytecodealliance.org/cm v0.3.0 h1:VhV+4vjZPUGCozCg9+up+FNL3YU6XR+XKghk7kQ0vFc=
go.bytecodealliance.org/cm v0.3.0/go.mod h1:JD5vtVNZv7sBoQQkvBvAAVKJPhR/bqBH7yYXTItMfZI=
